
Microsoft Visual Studio Solution File, Format Version 12.00
Project("{FAE04EC0-301F-11D3-BF4B-00C04F79EFBC}") = "WebApplication3", "WebApplication3\WebApplication3.csproj", "{B3B9DD0A-993D-46EB-AAC0-866EDFBDF84E}"
EndProject
Global
	GlobalSection(SolutionConfigurationPlatforms) = preSolution
		Debug|Any CPU = Debug|Any CPU
		Release|Any CPU = Release|Any CPU
	EndGlobalSection
	GlobalSection(ProjectConfigurationPlatforms) = postSolution
		{B3B9DD0A-993D-46EB-AAC0-866EDFBDF84E}.Debug|Any CPU.ActiveCfg = Debug|Any CPU
		{B3B9DD0A-993D-46EB-AAC0-866EDFBDF84E}.Debug|Any CPU.Build.0 = Debug|Any CPU
		{B3B9DD0A-993D-46EB-AAC0-866EDFBDF84E}.Release|Any CPU.ActiveCfg = Release|Any CPU
		{B3B9DD0A-993D-46EB-AAC0-866EDFBDF84E}.Release|Any CPU.Build.0 = Release|Any CPU
	EndGlobalSection
EndGlobal
